
Microsoft Visual Studio Solution File, Format Version 12.00
# Visual Studio Version 17
VisualStudioVersion = 17.9.34728.123
MinimumVisualStudioVersion = 10.0.40219.1
Project("{FAE04EC0-301F-11D3-BF4B-00C04F79EFBC}") = "InitiativeTracker", "InitiativeTracker\InitiativeTracker.csproj", "{2BC84448-F7AB-499F-AD57-E90621F1B47C}"
EndProject
Global
	GlobalSection(SolutionConfigurationPlatforms) = preSolution
		Debug|Any CPU = Debug|Any CPU
		Release|Any CPU = Release|Any CPU
	EndGlobalSection
	GlobalSection(ProjectConfigurationPlatforms) = postSolution
		{2BC84448-F7AB-499F-AD57-E90621F1B47C}.Debug|Any CPU.ActiveCfg = Debug|Any CPU
		{2BC84448-F7AB-499F-AD57-E90621F1B47C}.Debug|Any CPU.Build.0 = Debug|Any CPU
		{2BC84448-F7AB-499F-AD57-E90621F1B47C}.Release|Any CPU.ActiveCfg = Release|Any CPU
		{2BC84448-F7AB-499F-AD57-E90621F1B47C}.Release|Any CPU.Build.0 = Release|Any CPU
	EndGlobalSection
	GlobalSection(SolutionProperties) = preSolution
		HideSolutionNode = FALSE
	EndGlobalSection
	GlobalSection(ExtensibilityGlobals) = postSolution
		SolutionGuid = {B19C0A30-EF17-47EF-B1F7-8B8AD75C3AE5}
	EndGlobalSection
EndGlobal
